
Microsoft Visual Studio Solution File, Format Version 12.00
# Visual Studio Version 17
VisualStudioVersion = 17.4.33205.214
MinimumVisualStudioVersion = 10.0.40219.1
Project("{888888A0-9F3D-457C-B088-3A5042F75D52}") = "PythonApplication2.0", "PythonApplication2.0\PythonApplication2.0.pyproj", "{47640254-B5CD-45F1-8BFB-B45FB6D6B430}"
EndProject
Global
	GlobalSection(SolutionConfigurationPlatforms) = preSolution
		Debug|Any CPU = Debug|Any CPU
		Release|Any CPU = Release|Any CPU
	EndGlobalSection
	GlobalSection(ProjectConfigurationPlatforms) = postSolution
		{47640254-B5CD-45F1-8BFB-B45FB6D6B430}.Debug|Any CPU.ActiveCfg = Debug|Any CPU
		{47640254-B5CD-45F1-8BFB-B45FB6D6B430}.Release|Any CPU.ActiveCfg = Release|Any CPU
	EndGlobalSection
	GlobalSection(SolutionProperties) = preSolution
		HideSolutionNode = FALSE
	EndGlobalSection
	GlobalSection(ExtensibilityGlobals) = postSolution
		SolutionGuid = {0C23FDD7-D2AF-45FC-9865-94640B08F11C}
	EndGlobalSection
EndGlobal
